
Microsoft Visual Studio Solution File, Format Version 12.00
# Visual Studio Version 17
VisualStudioVersion = 17.12.35707.178
MinimumVisualStudioVersion = 10.0.40219.1
Project("{FAE04EC0-301F-11D3-BF4B-00C04F79EFBC}") = "VetManagement", "VetManagement.csproj", "{797317DF-317D-4DE3-8583-577D1FC17E13}"
EndProject
Project("{FAE04EC0-301F-11D3-BF4B-00C04F79EFBC}") = "esign-app", "..\esign-app\esign-app.csproj", "{10163BBA-3268-4A71-8863-54AC0FF1B30C}"
EndProject
Project("{FAE04EC0-301F-11D3-BF4B-00C04F79EFBC}") = "TcpServer", "..\TcpServer\TcpServer.csproj", "{7335F725-91E9-41C1-911F-62F819C06AFB}"
EndProject
Global
	GlobalSection(SolutionConfigurationPlatforms) = preSolution
		Debug|Any CPU = Debug|Any CPU
		Release|Any CPU = Release|Any CPU
	EndGlobalSection
	GlobalSection(ProjectConfigurationPlatforms) = postSolution
		{797317DF-317D-4DE3-8583-577D1FC17E13}.Debug|Any CPU.ActiveCfg = Debug|Any CPU
		{797317DF-317D-4DE3-8583-577D1FC17E13}.Debug|Any CPU.Build.0 = Debug|Any CPU
		{797317DF-317D-4DE3-8583-577D1FC17E13}.Release|Any CPU.ActiveCfg = Release|Any CPU
		{797317DF-317D-4DE3-8583-577D1FC17E13}.Release|Any CPU.Build.0 = Release|Any CPU
		{10163BBA-3268-4A71-8863-54AC0FF1B30C}.Debug|Any CPU.ActiveCfg = Debug|Any CPU
		{10163BBA-3268-4A71-8863-54AC0FF1B30C}.Debug|Any CPU.Build.0 = Debug|Any CPU
		{10163BBA-3268-4A71-8863-54AC0FF1B30C}.Release|Any CPU.ActiveCfg = Release|Any CPU
		{10163BBA-3268-4A71-8863-54AC0FF1B30C}.Release|Any CPU.Build.0 = Release|Any CPU
		{7335F725-91E9-41C1-911F-62F819C06AFB}.Debug|Any CPU.ActiveCfg = Debug|Any CPU
		{7335F725-91E9-41C1-911F-62F819C06AFB}.Debug|Any CPU.Build.0 = Debug|Any CPU
		{7335F725-91E9-41C1-911F-62F819C06AFB}.Release|Any CPU.ActiveCfg = Release|Any CPU
		{7335F725-91E9-41C1-911F-62F819C06AFB}.Release|Any CPU.Build.0 = Release|Any CPU
	EndGlobalSection
	GlobalSection(SolutionProperties) = preSolution
		HideSolutionNode = FALSE
	EndGlobalSection
EndGlobal
